
Microsoft Visual Studio Solution File, Format Version 12.00
# Visual Studio 14
VisualStudioVersion = 14.0.25420.1
MinimumVisualStudioVersion = 10.0.40219.1
Project("{FAE04EC0-301F-11D3-BF4B-00C04F79EFBC}") = "MyImageViewer", "MyImageViewer\MyImageViewer.csproj", "{24328418-A388-4A25-B104-A59C6D34CA65}"
EndProject
Global
	GlobalSection(SolutionConfigurationPlatforms) = preSolution
		Debug|Any CPU = Debug|Any CPU
		Release|Any CPU = Release|Any CPU
	EndGlobalSection
	GlobalSection(ProjectConfigurationPlatforms) = postSolution
		{24328418-A388-4A25-B104-A59C6D34CA65}.Debug|Any CPU.ActiveCfg = Debug|Any CPU
		{24328418-A388-4A25-B104-A59C6D34CA65}.Debug|Any CPU.Build.0 = Debug|Any CPU
		{24328418-A388-4A25-B104-A59C6D34CA65}.Release|Any CPU.ActiveCfg = Release|Any CPU
		{24328418-A388-4A25-B104-A59C6D34CA65}.Release|Any CPU.Build.0 = Release|Any CPU
	EndGlobalSection
	GlobalSection(SolutionProperties) = preSolution
		HideSolutionNode = FALSE
	EndGlobalSection
EndGlobal
